// !$*UTF8*$!
{
	archiveVersion = 1;
	classes = {
	};
	objectVersion = 56;
	objects = {

/* Begin PBXBuildFile section */
		8590C1212979439D008B6429 /* MVVM_SwiftUI_DemoApp.swift in Sources */ = {isa = PBXBuildFile; fileRef = 8590C1202979439D008B6429 /* MVVM_SwiftUI_DemoApp.swift */; };
		8590C1232979439D008B6429 /* ContentView.swift in Sources */ = {isa = PBXBuildFile; fileRef = 8590C1222979439D008B6429 /* ContentView.swift */; };
		8590C1252979439E008B6429 /* Assets.xcassets in Resources */ = {isa = PBXBuildFile; fileRef = 8590C1242979439E008B6429 /* Assets.xcassets */; };
		8590C1282979439E008B6429 /* Preview Assets.xcassets in Resources */ = {isa = PBXBuildFile; fileRef = 8590C1272979439E008B6429 /* Preview Assets.xcassets */; };
		8590C1352979448A008B6429 /* LoginView.swift in Sources */ = {isa = PBXBuildFile; fileRef = 8590C1342979448A008B6429 /* LoginView.swift */; };
		8590C138297947E5008B6429 /* Localizable.strings in Resources */ = {isa = PBXBuildFile; fileRef = 8590C137297947E5008B6429 /* Localizable.strings */; };
		8590C13B29794CCA008B6429 /* TextFieldView.swift in Sources */ = {isa = PBXBuildFile; fileRef = 8590C13A29794CCA008B6429 /* TextFieldView.swift */; };
		8590C13D29794E0C008B6429 /* LoginViewModel.swift in Sources */ = {isa = PBXBuildFile; fileRef = 8590C13C29794E0C008B6429 /* LoginViewModel.swift */; };
		8590C13F29795AF6008B6429 /* LoginValidation.swift in Sources */ = {isa = PBXBuildFile; fileRef = 8590C13E29795AF6008B6429 /* LoginValidation.swift */; };
		8590C14129795C87008B6429 /* Constants.swift in Sources */ = {isa = PBXBuildFile; fileRef = 8590C14029795C87008B6429 /* Constants.swift */; };
		8590C14529796E05008B6429 /* HomeTabView.swift in Sources */ = {isa = PBXBuildFile; fileRef = 8590C14429796E05008B6429 /* HomeTabView.swift */; };
		8590C147297990E3008B6429 /* HomeView.swift in Sources */ = {isa = PBXBuildFile; fileRef = 8590C146297990E3008B6429 /* HomeView.swift */; };
		8590C149297990F2008B6429 /* SearchView.swift in Sources */ = {isa = PBXBuildFile; fileRef = 8590C148297990F2008B6429 /* SearchView.swift */; };
		8590C14B2979910C008B6429 /* DocumentView.swift in Sources */ = {isa = PBXBuildFile; fileRef = 8590C14A2979910C008B6429 /* DocumentView.swift */; };
		8590C14D29799122008B6429 /* ProfileView.swift in Sources */ = {isa = PBXBuildFile; fileRef = 8590C14C29799122008B6429 /* ProfileView.swift */; };
		8590C14F29799462008B6429 /* LoginDataModel.swift in Sources */ = {isa = PBXBuildFile; fileRef = 8590C14E29799462008B6429 /* LoginDataModel.swift */; };
		8590C1512979948C008B6429 /* LoginResponse.swift in Sources */ = {isa = PBXBuildFile; fileRef = 8590C1502979948C008B6429 /* LoginResponse.swift */; };
		8590C155297994C5008B6429 /* LoginRequest.swift in Sources */ = {isa = PBXBuildFile; fileRef = 8590C154297994C5008B6429 /* LoginRequest.swift */; };
/* End PBXBuildFile section */

/* Begin PBXFileReference section */
		8590C11D2979439D008B6429 /* MVVM-SwiftUI-Demo.app */ = {isa = PBXFileReference; explicitFileType = wrapper.application; includeInIndex = 0; path = "MVVM-SwiftUI-Demo.app"; sourceTree = BUILT_PRODUCTS_DIR; };
		8590C1202979439D008B6429 /* MVVM_SwiftUI_DemoApp.swift */ = {isa = PBXFileReference; lastKnownFileType = sourcecode.swift; path = MVVM_SwiftUI_DemoApp.swift; sourceTree = "<group>"; };
		8590C1222979439D008B6429 /* ContentView.swift */ = {isa = PBXFileReference; lastKnownFileType = sourcecode.swift; path = ContentView.swift; sourceTree = "<group>"; };
		8590C1242979439E008B6429 /* Assets.xcassets */ = {isa = PBXFileReference; lastKnownFileType = folder.assetcatalog; path = Assets.xcassets; sourceTree = "<group>"; };
		8590C1272979439E008B6429 /* Preview Assets.xcassets */ = {isa = PBXFileReference; lastKnownFileType = folder.assetcatalog; path = "Preview Assets.xcassets"; sourceTree = "<group>"; };
		8590C1342979448A008B6429 /* LoginView.swift */ = {isa = PBXFileReference; lastKnownFileType = sourcecode.swift; path = LoginView.swift; sourceTree = "<group>"; };
		8590C137297947E5008B6429 /* Localizable.strings */ = {isa = PBXFileReference; lastKnownFileType = text.plist.strings; path = Localizable.strings; sourceTree = "<group>"; };
		8590C13A29794CCA008B6429 /* TextFieldView.swift */ = {isa = PBXFileReference; lastKnownFileType = sourcecode.swift; path = TextFieldView.swift; sourceTree = "<group>"; };
		8590C13C29794E0C008B6429 /* LoginViewModel.swift */ = {isa = PBXFileReference; lastKnownFileType = sourcecode.swift; path = LoginViewModel.swift; sourceTree = "<group>"; };
		8590C13E29795AF6008B6429 /* LoginValidation.swift */ = {isa = PBXFileReference; lastKnownFileType = sourcecode.swift; path = LoginValidation.swift; sourceTree = "<group>"; };
		8590C14029795C87008B6429 /* Constants.swift */ = {isa = PBXFileReference; lastKnownFileType = sourcecode.swift; path = Constants.swift; sourceTree = "<group>"; };
		8590C14429796E05008B6429 /* HomeTabView.swift */ = {isa = PBXFileReference; lastKnownFileType = sourcecode.swift; path = HomeTabView.swift; sourceTree = "<group>"; };
		8590C146297990E3008B6429 /* HomeView.swift */ = {isa = PBXFileReference; lastKnownFileType = sourcecode.swift; path = HomeView.swift; sourceTree = "<group>"; };
		8590C148297990F2008B6429 /* SearchView.swift */ = {isa = PBXFileReference; lastKnownFileType = sourcecode.swift; path = SearchView.swift; sourceTree = "<group>"; };
		8590C14A2979910C008B6429 /* DocumentView.swift */ = {isa = PBXFileReference; lastKnownFileType = sourcecode.swift; path = DocumentView.swift; sourceTree = "<group>"; };
		8590C14C29799122008B6429 /* ProfileView.swift */ = {isa = PBXFileReference; lastKnownFileType = sourcecode.swift; path = ProfileView.swift; sourceTree = "<group>"; };
		8590C14E29799462008B6429 /* LoginDataModel.swift */ = {isa = PBXFileReference; lastKnownFileType = sourcecode.swift; path = LoginDataModel.swift; sourceTree = "<group>"; };
		8590C1502979948C008B6429 /* LoginResponse.swift */ = {isa = PBXFileReference; lastKnownFileType = sourcecode.swift; path = LoginResponse.swift; sourceTree = "<group>"; };
		8590C154297994C5008B6429 /* LoginRequest.swift */ = {isa = PBXFileReference; lastKnownFileType = sourcecode.swift; path = LoginRequest.swift; sourceTree = "<group>"; };
/* End PBXFileReference section */

/* Begin PBXFrameworksBuildPhase section */
		8590C11A2979439D008B6429 /* Frameworks */ = {
			isa = PBXFrameworksBuildPhase;
			buildActionMask = 2147483647;
			files = (
			);
			runOnlyForDeploymentPostprocessing = 0;
		};
/* End PBXFrameworksBuildPhase section */

/* Begin PBXGroup section */
		8590C1142979439D008B6429 = {
			isa = PBXGroup;
			children = (
				8590C11F2979439D008B6429 /* MVVM-SwiftUI-Demo */,
				8590C11E2979439D008B6429 /* Products */,
			);
			sourceTree = "<group>";
		};
		8590C11E2979439D008B6429 /* Products */ = {
			isa = PBXGroup;
			children = (
				8590C11D2979439D008B6429 /* MVVM-SwiftUI-Demo.app */,
			);
			name = Products;
			sourceTree = "<group>";
		};
		8590C11F2979439D008B6429 /* MVVM-SwiftUI-Demo */ = {
			isa = PBXGroup;
			children = (
				8590C13929794C96008B6429 /* Components */,
				8590C136297944AA008B6429 /* Validations */,
				8590C13329794452008B6429 /* Utility */,
				8590C13229794442008B6429 /* Localization */,
				8590C13129794414008B6429 /* Resource */,
				8590C13029794404008B6429 /* ViewModels */,
				8590C12F297943FD008B6429 /* Views */,
				8590C12E297943F5008B6429 /* Models */,
				8590C1202979439D008B6429 /* MVVM_SwiftUI_DemoApp.swift */,
				8590C1222979439D008B6429 /* ContentView.swift */,
				8590C1242979439E008B6429 /* Assets.xcassets */,
				8590C1262979439E008B6429 /* Preview Content */,
			);
			path = "MVVM-SwiftUI-Demo";
			sourceTree = "<group>";
		};
		8590C1262979439E008B6429 /* Preview Content */ = {
			isa = PBXGroup;
			children = (
				8590C1272979439E008B6429 /* Preview Assets.xcassets */,
			);
			path = "Preview Content";
			sourceTree = "<group>";
		};
		8590C12E297943F5008B6429 /* Models */ = {
			isa = PBXGroup;
			children = (
				8590C153297994A0008B6429 /* Request */,
				8590C15229799498008B6429 /* Response */,
				8590C14E29799462008B6429 /* LoginDataModel.swift */,
			);
			path = Models;
			sourceTree = "<group>";
		};
		8590C12F297943FD008B6429 /* Views */ = {
			isa = PBXGroup;
			children = (
				8590C1342979448A008B6429 /* LoginView.swift */,
				8590C14429796E05008B6429 /* HomeTabView.swift */,
				8590C146297990E3008B6429 /* HomeView.swift */,
				8590C148297990F2008B6429 /* SearchView.swift */,
				8590C14A2979910C008B6429 /* DocumentView.swift */,
				8590C14C29799122008B6429 /* ProfileView.swift */,
			);
			path = Views;
			sourceTree = "<group>";
		};
		8590C13029794404008B6429 /* ViewModels */ = {
			isa = PBXGroup;
			children = (
				8590C13C29794E0C008B6429 /* LoginViewModel.swift */,
			);
			path = ViewModels;
			sourceTree = "<group>";
		};
		8590C13129794414008B6429 /* Resource */ = {
			isa = PBXGroup;
			children = (
			);
			path = Resource;
			sourceTree = "<group>";
		};
		8590C13229794442008B6429 /* Localization */ = {
			isa = PBXGroup;
			children = (
				8590C137297947E5008B6429 /* Localizable.strings */,
			);
			path = Localization;
			sourceTree = "<group>";
		};
		8590C13329794452008B6429 /* Utility */ = {
			isa = PBXGroup;
			children = (
				8590C14029795C87008B6429 /* Constants.swift */,
			);
			path = Utility;
			sourceTree = "<group>";
		};
		8590C136297944AA008B6429 /* Validations */ = {
			isa = PBXGroup;
			children = (
				8590C13E29795AF6008B6429 /* LoginValidation.swift */,
			);
			path = Validations;
			sourceTree = "<group>";
		};
		8590C13929794C96008B6429 /* Components */ = {
			isa = PBXGroup;
			children = (
				8590C13A29794CCA008B6429 /* TextFieldView.swift */,
			);
			path = Components;
			sourceTree = "<group>";
		};
		8590C15229799498008B6429 /* Response */ = {
			isa = PBXGroup;
			children = (
				8590C1502979948C008B6429 /* LoginResponse.swift */,
			);
			path = Response;
			sourceTree = "<group>";
		};
		8590C153297994A0008B6429 /* Request */ = {
			isa = PBXGroup;
			children = (
				8590C154297994C5008B6429 /* LoginRequest.swift */,
			);
			path = Request;
			sourceTree = "<group>";
		};
/* End PBXGroup section */

/* Begin PBXNativeTarget section */
		8590C11C2979439D008B6429 /* MVVM-SwiftUI-Demo */ = {
			isa = PBXNativeTarget;
			buildConfigurationList = 8590C12B2979439E008B6429 /* Build configuration list for PBXNativeTarget "MVVM-SwiftUI-Demo" */;
			buildPhases = (
				8590C1192979439D008B6429 /* Sources */,
				8590C11A2979439D008B6429 /* Frameworks */,
				8590C11B2979439D008B6429 /* Resources */,
			);
			buildRules = (
			);
			dependencies = (
			);
			name = "MVVM-SwiftUI-Demo";
			productName = "MVVM-SwiftUI-Demo";
			productReference = 8590C11D2979439D008B6429 /* MVVM-SwiftUI-Demo.app */;
			productType = "com.apple.product-type.application";
		};
/* End PBXNativeTarget section */

/* Begin PBXProject section */
		8590C1152979439D008B6429 /* Project object */ = {
			isa = PBXProject;
			attributes = {
				BuildIndependentTargetsInParallel = 1;
				LastSwiftUpdateCheck = 1420;
				LastUpgradeCheck = 1420;
				TargetAttributes = {
					8590C11C2979439D008B6429 = {
						CreatedOnToolsVersion = 14.2;
					};
				};
			};
			buildConfigurationList = 8590C1182979439D008B6429 /* Build configuration list for PBXProject "MVVM-SwiftUI-Demo" */;
			compatibilityVersion = "Xcode 14.0";
			developmentRegion = en;
			hasScannedForEncodings = 0;
			knownRegions = (
				en,
				Base,
			);
			mainGroup = 8590C1142979439D008B6429;
			productRefGroup = 8590C11E2979439D008B6429 /* Products */;
			projectDirPath = "";
			projectRoot = "";
			targets = (
				8590C11C2979439D008B6429 /* MVVM-SwiftUI-Demo */,
			);
		};
/* End PBXProject section */

/* Begin PBXResourcesBuildPhase section */
		8590C11B2979439D008B6429 /* Resources */ = {
			isa = PBXResourcesBuildPhase;
			buildActionMask = 2147483647;
			files = (
				8590C1282979439E008B6429 /* Preview Assets.xcassets in Resources */,
				8590C138297947E5008B6429 /* Localizable.strings in Resources */,
				8590C1252979439E008B6429 /* Assets.xcassets in Resources */,
			);
			runOnlyForDeploymentPostprocessing = 0;
		};
/* End PBXResourcesBuildPhase section */

/* Begin PBXSourcesBuildPhase section */
		8590C1192979439D008B6429 /* Sources */ = {
			isa = PBXSourcesBuildPhase;
			buildActionMask = 2147483647;
			files = (
				8590C149297990F2008B6429 /* SearchView.swift in Sources */,
				8590C147297990E3008B6429 /* HomeView.swift in Sources */,
				8590C1352979448A008B6429 /* LoginView.swift in Sources */,
				8590C155297994C5008B6429 /* LoginRequest.swift in Sources */,
				8590C1232979439D008B6429 /* ContentView.swift in Sources */,
				8590C14D29799122008B6429 /* ProfileView.swift in Sources */,
				8590C13B29794CCA008B6429 /* TextFieldView.swift in Sources */,
				8590C1512979948C008B6429 /* LoginResponse.swift in Sources */,
				8590C13D29794E0C008B6429 /* LoginViewModel.swift in Sources */,
				8590C14129795C87008B6429 /* Constants.swift in Sources */,
				8590C14F29799462008B6429 /* LoginDataModel.swift in Sources */,
				8590C14B2979910C008B6429 /* DocumentView.swift in Sources */,
				8590C13F29795AF6008B6429 /* LoginValidation.swift in Sources */,
				8590C1212979439D008B6429 /* MVVM_SwiftUI_DemoApp.swift in Sources */,
				8590C14529796E05008B6429 /* HomeTabView.swift in Sources */,
			);
			runOnlyForDeploymentPostprocessing = 0;
		};
/* End PBXSourcesBuildPhase section */

/* Begin XCBuildConfiguration section */
		8590C1292979439E008B6429 /* Debug */ = {
			isa = XCBuildConfiguration;
			buildSettings = {
				ALWAYS_SEARCH_USER_PATHS = NO;
				CLANG_ANALYZER_NONNULL = YES;
				CLANG_ANALYZER_NUMBER_OBJECT_CONVERSION = YES_AGGRESSIVE;
				CLANG_CXX_LANGUAGE_STANDARD = "gnu++20";
				CLANG_ENABLE_MODULES = YES;
				CLANG_ENABLE_OBJC_ARC = YES;
				CLANG_ENABLE_OBJC_WEAK = YES;
				CLANG_WARN_BLOCK_CAPTURE_AUTORELEASING = YES;
				CLANG_WARN_BOOL_CONVERSION = YES;
				CLANG_WARN_COMMA = YES;
				CLANG_WARN_CONSTANT_CONVERSION = YES;
				CLANG_WARN_DEPRECATED_OBJC_IMPLEMENTATIONS = YES;
				CLANG_WARN_DIRECT_OBJC_ISA_USAGE = YES_ERROR;
				CLANG_WARN_DOCUMENTATION_COMMENTS = YES;
				CLANG_WARN_EMPTY_BODY = YES;
				CLANG_WARN_ENUM_CONVERSION = YES;
				CLANG_WARN_INFINITE_RECURSION = YES;
				CLANG_WARN_INT_CONVERSION = YES;
				CLANG_WARN_NON_LITERAL_NULL_CONVERSION = YES;
				CLANG_WARN_OBJC_IMPLICIT_RETAIN_SELF = YES;
				CLANG_WARN_OBJC_LITERAL_CONVERSION = YES;
				CLANG_WARN_OBJC_ROOT_CLASS = YES_ERROR;
				CLANG_WARN_QUOTED_INCLUDE_IN_FRAMEWORK_HEADER = YES;
				CLANG_WARN_RANGE_LOOP_ANALYSIS = YES;
				CLANG_WARN_STRICT_PROTOTYPES = YES;
				CLANG_WARN_SUSPICIOUS_MOVE = YES;
				CLANG_WARN_UNGUARDED_AVAILABILITY = YES_AGGRESSIVE;
				CLANG_WARN_UNREACHABLE_CODE = YES;
				CLANG_WARN__DUPLICATE_METHOD_MATCH = YES;
				COPY_PHASE_STRIP = NO;
				DEBUG_INFORMATION_FORMAT = dwarf;
				ENABLE_STRICT_OBJC_MSGSEND = YES;
				ENABLE_TESTABILITY = YES;
				GCC_C_LANGUAGE_STANDARD = gnu11;
				GCC_DYNAMIC_NO_PIC = NO;
				GCC_NO_COMMON_BLOCKS = YES;
				GCC_OPTIMIZATION_LEVEL = 0;
				GCC_PREPROCESSOR_DEFINITIONS = (
					"DEBUG=1",
					"$(inherited)",
				);
				GCC_WARN_64_TO_32_BIT_CONVERSION = YES;
				GCC_WARN_ABOUT_RETURN_TYPE = YES_ERROR;
				GCC_WARN_UNDECLARED_SELECTOR = YES;
				GCC_WARN_UNINITIALIZED_AUTOS = YES_AGGRESSIVE;
				GCC_WARN_UNUSED_FUNCTION = YES;
				GCC_WARN_UNUSED_VARIABLE = YES;
				IPHONEOS_DEPLOYMENT_TARGET = 15.5;
				MTL_ENABLE_DEBUG_INFO = INCLUDE_SOURCE;
				MTL_FAST_MATH = YES;
				ONLY_ACTIVE_ARCH = YES;
				SDKROOT = iphoneos;
				SWIFT_ACTIVE_COMPILATION_CONDITIONS = DEBUG;
				SWIFT_OPTIMIZATION_LEVEL = "-Onone";
			};
			name = Debug;
		};
		8590C12A2979439E008B6429 /* Release */ = {
			isa = XCBuildConfiguration;
			buildSettings = {
				ALWAYS_SEARCH_USER_PATHS = NO;
				CLANG_ANALYZER_NONNULL = YES;
				CLANG_ANALYZER_NUMBER_OBJECT_CONVERSION = YES_AGGRESSIVE;
				CLANG_CXX_LANGUAGE_STANDARD = "gnu++20";
				CLANG_ENABLE_MODULES = YES;
				CLANG_ENABLE_OBJC_ARC = YES;
				CLANG_ENABLE_OBJC_WEAK = YES;
				CLANG_WARN_BLOCK_CAPTURE_AUTORELEASING = YES;
				CLANG_WARN_BOOL_CONVERSION = YES;
				CLANG_WARN_COMMA = YES;
				CLANG_WARN_CONSTANT_CONVERSION = YES;
				CLANG_WARN_DEPRECATED_OBJC_IMPLEMENTATIONS = YES;
				CLANG_WARN_DIRECT_OBJC_ISA_USAGE = YES_ERROR;
				CLANG_WARN_DOCUMENTATION_COMMENTS = YES;
				CLANG_WARN_EMPTY_BODY = YES;
				CLANG_WARN_ENUM_CONVERSION = YES;
				CLANG_WARN_INFINITE_RECURSION = YES;
				CLANG_WARN_INT_CONVERSION = YES;
				CLANG_WARN_NON_LITERAL_NULL_CONVERSION = YES;
				CLANG_WARN_OBJC_IMPLICIT_RETAIN_SELF = YES;
				CLANG_WARN_OBJC_LITERAL_CONVERSION = YES;
				CLANG_WARN_OBJC_ROOT_CLASS = YES_ERROR;
				CLANG_WARN_QUOTED_INCLUDE_IN_FRAMEWORK_HEADER = YES;
				CLANG_WARN_RANGE_LOOP_ANALYSIS = YES;
				CLANG_WARN_STRICT_PROTOTYPES = YES;
				CLANG_WARN_SUSPICIOUS_MOVE = YES;
				CLANG_WARN_UNGUARDED_AVAILABILITY = YES_AGGRESSIVE;
				CLANG_WARN_UNREACHABLE_CODE = YES;
				CLANG_WARN__DUPLICATE_METHOD_MATCH = YES;
				COPY_PHASE_STRIP = NO;
				DEBUG_INFORMATION_FORMAT = "dwarf-with-dsym";
				ENABLE_NS_ASSERTIONS = NO;
				ENABLE_STRICT_OBJC_MSGSEND = YES;
				GCC_C_LANGUAGE_STANDARD = gnu11;
				GCC_NO_COMMON_BLOCKS = YES;
				GCC_WARN_64_TO_32_BIT_CONVERSION = YES;
				GCC_WARN_ABOUT_RETURN_TYPE = YES_ERROR;
				GCC_WARN_UNDECLARED_SELECTOR = YES;
				GCC_WARN_UNINITIALIZED_AUTOS = YES_AGGRESSIVE;
				GCC_WARN_UNUSED_FUNCTION = YES;
				GCC_WARN_UNUSED_VARIABLE = YES;
				IPHONEOS_DEPLOYMENT_TARGET = 15.5;
				MTL_ENABLE_DEBUG_INFO = NO;
				MTL_FAST_MATH = YES;
				SDKROOT = iphoneos;
				SWIFT_COMPILATION_MODE = wholemodule;
				SWIFT_OPTIMIZATION_LEVEL = "-O";
				VALIDATE_PRODUCT = YES;
			};
			name = Release;
		};
		8590C12C2979439E008B6429 /* Debug */ = {
			isa = XCBuildConfiguration;
			buildSettings = {
				ASSETCATALOG_COMPILER_APPICON_NAME = AppIcon;
				ASSETCATALOG_COMPILER_GLOBAL_ACCENT_COLOR_NAME = AccentColor;
				CODE_SIGN_STYLE = Automatic;
				CURRENT_PROJECT_VERSION = 1;
				DEVELOPMENT_ASSET_PATHS = "\"MVVM-SwiftUI-Demo/Preview Content\"";
				DEVELOPMENT_TEAM = 853676N3N3;
				ENABLE_PREVIEWS = YES;
				GENERATE_INFOPLIST_FILE = YES;
				INFOPLIST_KEY_UIApplicationSceneManifest_Generation = YES;
				INFOPLIST_KEY_UIApplicationSupportsIndirectInputEvents = YES;
				INFOPLIST_KEY_UILaunchScreen_Generation = YES;
				INFOPLIST_KEY_UISupportedInterfaceOrientations_iPad = "UIInterfaceOrientationPortrait UIInterfaceOrientationPortraitUpsideDown UIInterfaceOrientationLandscapeLeft UIInterfaceOrientationLandscapeRight";
				INFOPLIST_KEY_UISupportedInterfaceOrientations_iPhone = "UIInterfaceOrientationPortrait UIInterfaceOrientationLandscapeLeft UIInterfaceOrientationLandscapeRight";
				IPHONEOS_DEPLOYMENT_TARGET = 15.5;
				LD_RUNPATH_SEARCH_PATHS = (
					"$(inherited)",
					"@executable_path/Frameworks",
				);
				MARKETING_VERSION = 1.0;
				PRODUCT_BUNDLE_IDENTIFIER = "com.Harsimrat.MVVM-SwiftUI-Demo";
				PRODUCT_NAME = "$(TARGET_NAME)";
				SWIFT_EMIT_LOC_STRINGS = YES;
				SWIFT_VERSION = 5.0;
				TARGETED_DEVICE_FAMILY = "1,2";
			};
			name = Debug;
		};
		8590C12D2979439E008B6429 /* Release */ = {
			isa = XCBuildConfiguration;
			buildSettings = {
				ASSETCATALOG_COMPILER_APPICON_NAME = AppIcon;
				ASSETCATALOG_COMPILER_GLOBAL_ACCENT_COLOR_NAME = AccentColor;
				CODE_SIGN_STYLE = Automatic;
				CURRENT_PROJECT_VERSION = 1;
				DEVELOPMENT_ASSET_PATHS = "\"MVVM-SwiftUI-Demo/Preview Content\"";
				DEVELOPMENT_TEAM = 853676N3N3;
				ENABLE_PREVIEWS = YES;
				GENERATE_INFOPLIST_FILE = YES;
				INFOPLIST_KEY_UIApplicationSceneManifest_Generation = YES;
				INFOPLIST_KEY_UIApplicationSupportsIndirectInputEvents = YES;
				INFOPLIST_KEY_UILaunchScreen_Generation = YES;
				INFOPLIST_KEY_UISupportedInterfaceOrientations_iPad = "UIInterfaceOrientationPortrait UIInterfaceOrientationPortraitUpsideDown UIInterfaceOrientationLandscapeLeft UIInterfaceOrientationLandscapeRight";
				INFOPLIST_KEY_UISupportedInterfaceOrientations_iPhone = "UIInterfaceOrientationPortrait UIInterfaceOrientationLandscapeLeft UIInterfaceOrientationLandscapeRight";
				IPHONEOS_DEPLOYMENT_TARGET = 15.5;
				LD_RUNPATH_SEARCH_PATHS = (
					"$(inherited)",
					"@executable_path/Frameworks",
				);
				MARKETING_VERSION = 1.0;
				PRODUCT_BUNDLE_IDENTIFIER = "com.Harsimrat.MVVM-SwiftUI-Demo";
				PRODUCT_NAME = "$(TARGET_NAME)";
				SWIFT_EMIT_LOC_STRINGS = YES;
				SWIFT_VERSION = 5.0;
				TARGETED_DEVICE_FAMILY = "1,2";
			};
			name = Release;
		};
/* End XCBuildConfiguration section */

/* Begin XCConfigurationList section */
		8590C1182979439D008B6429 /* Build configuration list for PBXProject "MVVM-SwiftUI-Demo" */ = {
			isa = XCConfigurationList;
			buildConfigurations = (
				8590C1292979439E008B6429 /* Debug */,
				8590C12A2979439E008B6429 /* Release */,
			);
			defaultConfigurationIsVisible = 0;
			defaultConfigurationName = Release;
		};
		8590C12B2979439E008B6429 /* Build configuration list for PBXNativeTarget "MVVM-SwiftUI-Demo" */ = {
			isa = XCConfigurationList;
			buildConfigurations = (
				8590C12C2979439E008B6429 /* Debug */,
				8590C12D2979439E008B6429 /* Release */,
			);
			defaultConfigurationIsVisible = 0;
			defaultConfigurationName = Release;
		};
/* End XCConfigurationList section */
	};
	rootObject = 8590C1152979439D008B6429 /* Project object */;
}
